
Microsoft Visual Studio Solution File, Format Version 12.00
# Visual Studio Version 16
VisualStudioVersion = 16.0.30114.105
MinimumVisualStudioVersion = 10.0.40219.1
Project("{FAE04EC0-301F-11D3-BF4B-00C04F79EFBC}") = "webapi", "webapi\webapi.csproj", "{41715CDF-1AF8-4C98-816F-519A27470894}"
EndProject
Project("{FAE04EC0-301F-11D3-BF4B-00C04F79EFBC}") = "webapi.test", "webapi.test\webapi.test.csproj", "{F2BA61C8-AB03-4DAC-988A-E9AF5868A7BF}"
EndProject
Global
	GlobalSection(SolutionConfigurationPlatforms) = preSolution
		Debug|Any CPU = Debug|Any CPU
		Release|Any CPU = Release|Any CPU
	EndGlobalSection
	GlobalSection(SolutionProperties) = preSolution
		HideSolutionNode = FALSE
	EndGlobalSection
	GlobalSection(ProjectConfigurationPlatforms) = postSolution
		{41715CDF-1AF8-4C98-816F-519A27470894}.Debug|Any CPU.ActiveCfg = Debug|Any CPU
		{41715CDF-1AF8-4C98-816F-519A27470894}.Debug|Any CPU.Build.0 = Debug|Any CPU
		{41715CDF-1AF8-4C98-816F-519A27470894}.Release|Any CPU.ActiveCfg = Release|Any CPU
		{41715CDF-1AF8-4C98-816F-519A27470894}.Release|Any CPU.Build.0 = Release|Any CPU
		{F2BA61C8-AB03-4DAC-988A-E9AF5868A7BF}.Debug|Any CPU.ActiveCfg = Debug|Any CPU
		{F2BA61C8-AB03-4DAC-988A-E9AF5868A7BF}.Debug|Any CPU.Build.0 = Debug|Any CPU
		{F2BA61C8-AB03-4DAC-988A-E9AF5868A7BF}.Release|Any CPU.ActiveCfg = Release|Any CPU
		{F2BA61C8-AB03-4DAC-988A-E9AF5868A7BF}.Release|Any CPU.Build.0 = Release|Any CPU
	EndGlobalSection
EndGlobal
